// !$*UTF8*$!
{
	archiveVersion = 1;
	classes = {
	};
	objectVersion = 46;
	objects = {

/* Begin PBXBuildFile section */
		9D844EEB188EFC6200DAE57B /* main.cpp in Sources */ = {isa = PBXBuildFile; fileRef = 9D844EEA188EFC6200DAE57B /* main.cpp */; };
		9D844EED188EFC6200DAE57B /* Method_Caller.1 in CopyFiles */ = {isa = PBXBuildFile; fileRef = 9D844EEC188EFC6200DAE57B /* Method_Caller.1 */; };
/* End PBXBuildFile section */

/* Begin PBXCopyFilesBuildPhase section */
		9D844EE5188EFC6200DAE57B /* CopyFiles */ = {
			isa = PBXCopyFilesBuildPhase;
			buildActionMask = 2147483647;
			dstPath = /usr/share/man/man1/;
			dstSubfolderSpec = 0;
			files = (
				9D844EED188EFC6200DAE57B /* Method_Caller.1 in CopyFiles */,
			);
			runOnlyForDeploymentPostprocessing = 1;
		};
/* End PBXCopyFilesBuildPhase section */

/* Begin PBXFileReference section */
		9D844EE7188EFC6200DAE57B /* Method-Caller */ = {isa = PBXFileReference; explicitFileType = "compiled.mach-o.executable"; includeInIndex = 0; path = "Method-Caller"; sourceTree = BUILT_PRODUCTS_DIR; };
		9D844EEA188EFC6200DAE57B /* main.cpp */ = {isa = PBXFileReference; lastKnownFileType = sourcecode.cpp.cpp; path = main.cpp; sourceTree = "<group>"; };
		9D844EEC188EFC6200DAE57B /* Method_Caller.1 */ = {isa = PBXFileReference; lastKnownFileType = text.man; path = Method_Caller.1; sourceTree = "<group>"; };
/* End PBXFileReference section */

/* Begin PBXFrameworksBuildPhase section */
		9D844EE4188EFC6200DAE57B /* Frameworks */ = {
			isa = PBXFrameworksBuildPhase;
			buildActionMask = 2147483647;
			files = (
			);
			runOnlyForDeploymentPostprocessing = 0;
		};
/* End PBXFrameworksBuildPhase section */

/* Begin PBXGroup section */
		9D844EDE188EFC6200DAE57B = {
			isa = PBXGroup;
			children = (
				9D844EE9188EFC6200DAE57B /* Method-Caller */,
				9D844EE8188EFC6200DAE57B /* Products */,
			);
			sourceTree = "<group>";
		};
		9D844EE8188EFC6200DAE57B /* Products */ = {
			isa = PBXGroup;
			children = (
				9D844EE7188EFC6200DAE57B /* Method-Caller */,
			);
			name = Products;
			sourceTree = "<group>";
		};
		9D844EE9188EFC6200DAE57B /* Method-Caller */ = {
			isa = PBXGroup;
			children = (
				9D844EEA188EFC6200DAE57B /* main.cpp */,
				9D844EEC188EFC6200DAE57B /* Method_Caller.1 */,
			);
			path = "Method-Caller";
			sourceTree = "<group>";
		};
/* End PBXGroup section */

/* Begin PBXNativeTarget section */
		9D844EE6188EFC6200DAE57B /* Method-Caller */ = {
			isa = PBXNativeTarget;
			buildConfigurationList = 9D844EF0188EFC6200DAE57B /* Build configuration list for PBXNativeTarget "Method-Caller" */;
			buildPhases = (
				9D844EE3188EFC6200DAE57B /* Sources */,
				9D844EE4188EFC6200DAE57B /* Frameworks */,
				9D844EE5188EFC6200DAE57B /* CopyFiles */,
			);
			buildRules = (
			);
			dependencies = (
			);
			name = "Method-Caller";
			productName = "Method-Caller";
			productReference = 9D844EE7188EFC6200DAE57B /* Method-Caller */;
			productType = "com.apple.product-type.tool";
		};
/* End PBXNativeTarget section */

/* Begin PBXProject section */
		9D844EDF188EFC6200DAE57B /* Project object */ = {
			isa = PBXProject;
			attributes = {
				LastUpgradeCheck = 0500;
				ORGANIZATIONNAME = "Parallel and Cloud Computing laboratory";
			};
			buildConfigurationList = 9D844EE2188EFC6200DAE57B /* Build configuration list for PBXProject "Method-Caller" */;
			compatibilityVersion = "Xcode 3.2";
			developmentRegion = English;
			hasScannedForEncodings = 0;
			knownRegions = (
				en,
			);
			mainGroup = 9D844EDE188EFC6200DAE57B;
			productRefGroup = 9D844EE8188EFC6200DAE57B /* Products */;
			projectDirPath = "";
			projectRoot = "";
			targets = (
				9D844EE6188EFC6200DAE57B /* Method-Caller */,
			);
		};
/* End PBXProject section */

/* Begin PBXSourcesBuildPhase section */
		9D844EE3188EFC6200DAE57B /* Sources */ = {
			isa = PBXSourcesBuildPhase;
			buildActionMask = 2147483647;
			files = (
				9D844EEB188EFC6200DAE57B /* main.cpp in Sources */,
			);
			runOnlyForDeploymentPostprocessing = 0;
		};
/* End PBXSourcesBuildPhase section */

/* Begin XCBuildConfiguration section */
		9D844EEE188EFC6200DAE57B /* Debug */ = {
			isa = XCBuildConfiguration;
			buildSettings = {
				ALWAYS_SEARCH_USER_PATHS = NO;
				CLANG_CXX_LANGUAGE_STANDARD = "gnu++0x";
				CLANG_CXX_LIBRARY = "libc++";
				CLANG_ENABLE_OBJC_ARC = YES;
				CLANG_WARN_BOOL_CONVERSION = YES;
				CLANG_WARN_CONSTANT_CONVERSION = YES;
				CLANG_WARN_DIRECT_OBJC_ISA_USAGE = YES_ERROR;
				CLANG_WARN_EMPTY_BODY = YES;
				CLANG_WARN_ENUM_CONVERSION = YES;
				CLANG_WARN_INT_CONVERSION = YES;
				CLANG_WARN_OBJC_ROOT_CLASS = YES_ERROR;
				CLANG_WARN__DUPLICATE_METHOD_MATCH = YES;
				COPY_PHASE_STRIP = NO;
				GCC_C_LANGUAGE_STANDARD = gnu99;
				GCC_DYNAMIC_NO_PIC = NO;
				GCC_ENABLE_OBJC_EXCEPTIONS = YES;
				GCC_OPTIMIZATION_LEVEL = 0;
				GCC_PREPROCESSOR_DEFINITIONS = (
					"DEBUG=1",
					"$(inherited)",
				);
				GCC_SYMBOLS_PRIVATE_EXTERN = NO;
				GCC_WARN_64_TO_32_BIT_CONVERSION = YES;
				GCC_WARN_ABOUT_RETURN_TYPE = YES_ERROR;
				GCC_WARN_UNDECLARED_SELECTOR = YES;
				GCC_WARN_UNINITIALIZED_AUTOS = YES;
				GCC_WARN_UNUSED_FUNCTION = YES;
				GCC_WARN_UNUSED_VARIABLE = YES;
				MACOSX_DEPLOYMENT_TARGET = 10.9;
				ONLY_ACTIVE_ARCH = YES;
				SDKROOT = macosx;
			};
			name = Debug;
		};
		9D844EEF188EFC6200DAE57B /* Release */ = {
			isa = XCBuildConfiguration;
			buildSettings = {
				ALWAYS_SEARCH_USER_PATHS = NO;
				CLANG_CXX_LANGUAGE_STANDARD = "gnu++0x";
				CLANG_CXX_LIBRARY = "libc++";
				CLANG_ENABLE_OBJC_ARC = YES;
				CLANG_WARN_BOOL_CONVERSION = YES;
				CLANG_WARN_CONSTANT_CONVERSION = YES;
				CLANG_WARN_DIRECT_OBJC_ISA_USAGE = YES_ERROR;
				CLANG_WARN_EMPTY_BODY = YES;
				CLANG_WARN_ENUM_CONVERSION = YES;
				CLANG_WARN_INT_CONVERSION = YES;
				CLANG_WARN_OBJC_ROOT_CLASS = YES_ERROR;
				CLANG_WARN__DUPLICATE_METHOD_MATCH = YES;
				COPY_PHASE_STRIP = YES;
				DEBUG_INFORMATION_FORMAT = "dwarf-with-dsym";
				ENABLE_NS_ASSERTIONS = NO;
				GCC_C_LANGUAGE_STANDARD = gnu99;
				GCC_ENABLE_OBJC_EXCEPTIONS = YES;
				GCC_WARN_64_TO_32_BIT_CONVERSION = YES;
				GCC_WARN_ABOUT_RETURN_TYPE = YES_ERROR;
				GCC_WARN_UNDECLARED_SELECTOR = YES;
				GCC_WARN_UNINITIALIZED_AUTOS = YES;
				GCC_WARN_UNUSED_FUNCTION = YES;
				GCC_WARN_UNUSED_VARIABLE = YES;
				MACOSX_DEPLOYMENT_TARGET = 10.9;
				SDKROOT = macosx;
			};
			name = Release;
		};
		9D844EF1188EFC6200DAE57B /* Debug */ = {
			isa = XCBuildConfiguration;
			buildSettings = {
				PRODUCT_NAME = "$(TARGET_NAME)";
			};
			name = Debug;
		};
		9D844EF2188EFC6200DAE57B /* Release */ = {
			isa = XCBuildConfiguration;
			buildSettings = {
				PRODUCT_NAME = "$(TARGET_NAME)";
			};
			name = Release;
		};
/* End XCBuildConfiguration section */

/* Begin XCConfigurationList section */
		9D844EE2188EFC6200DAE57B /* Build configuration list for PBXProject "Method-Caller" */ = {
			isa = XCConfigurationList;
			buildConfigurations = (
				9D844EEE188EFC6200DAE57B /* Debug */,
				9D844EEF188EFC6200DAE57B /* Release */,
			);
			defaultConfigurationIsVisible = 0;
			defaultConfigurationName = Release;
		};
		9D844EF0188EFC6200DAE57B /* Build configuration list for PBXNativeTarget "Method-Caller" */ = {
			isa = XCConfigurationList;
			buildConfigurations = (
				9D844EF1188EFC6200DAE57B /* Debug */,
				9D844EF2188EFC6200DAE57B /* Release */,
			);
			defaultConfigurationIsVisible = 0;
		};
/* End XCConfigurationList section */
	};
	rootObject = 9D844EDF188EFC6200DAE57B /* Project object */;
}
